
Microsoft Visual Studio Solution File, Format Version 12.00
# Visual Studio Version 17
VisualStudioVersion = 17.0.32126.317
MinimumVisualStudioVersion = 10.0.40219.1
Project("{9A19103F-16F7-4668-BE54-9A1E7A4F7556}") = "CatApi", "CatApi\CatApi.csproj", "{275B5C3E-1828-4885-BA0C-9502CE8D4210}"
EndProject
Global
	GlobalSection(SolutionConfigurationPlatforms) = preSolution
		Debug|Any CPU = Debug|Any CPU
		Release|Any CPU = Release|Any CPU
	EndGlobalSection
	GlobalSection(ProjectConfigurationPlatforms) = postSolution
		{275B5C3E-1828-4885-BA0C-9502CE8D4210}.Debug|Any CPU.ActiveCfg = Debug|Any CPU
		{275B5C3E-1828-4885-BA0C-9502CE8D4210}.Debug|Any CPU.Build.0 = Debug|Any CPU
		{275B5C3E-1828-4885-BA0C-9502CE8D4210}.Release|Any CPU.ActiveCfg = Release|Any CPU
		{275B5C3E-1828-4885-BA0C-9502CE8D4210}.Release|Any CPU.Build.0 = Release|Any CPU
	EndGlobalSection
	GlobalSection(SolutionProperties) = preSolution
		HideSolutionNode = FALSE
	EndGlobalSection
	GlobalSection(ExtensibilityGlobals) = postSolution
		SolutionGuid = {4544A7D0-C032-415C-96EE-E8DA16C676B7}
	EndGlobalSection
EndGlobal
